
Microsoft Visual Studio Solution File, Format Version 12.00
# Visual Studio 15
VisualStudioVersion = 15.0.28307.1231
MinimumVisualStudioVersion = 10.0.40219.1
Project("{8BC9CEB8-8B4A-11D0-8D11-00A0C91BC942}") = "Project 4", "Project 4\Project 4.vcxproj", "{FC381E54-5A5F-4EE5-A95C-0AB0C30CD668}"
EndProject
Global
	GlobalSection(SolutionConfigurationPlatforms) = preSolution
		Debug|x64 = Debug|x64
		Debug|x86 = Debug|x86
		Release|x64 = Release|x64
		Release|x86 = Release|x86
	EndGlobalSection
	GlobalSection(ProjectConfigurationPlatforms) = postSolution
		{FC381E54-5A5F-4EE5-A95C-0AB0C30CD668}.Debug|x64.ActiveCfg = Debug|x64
		{FC381E54-5A5F-4EE5-A95C-0AB0C30CD668}.Debug|x64.Build.0 = Debug|x64
		{FC381E54-5A5F-4EE5-A95C-0AB0C30CD668}.Debug|x86.ActiveCfg = Debug|Win32
		{FC381E54-5A5F-4EE5-A95C-0AB0C30CD668}.Debug|x86.Build.0 = Debug|Win32
		{FC381E54-5A5F-4EE5-A95C-0AB0C30CD668}.Release|x64.ActiveCfg = Release|x64
		{FC381E54-5A5F-4EE5-A95C-0AB0C30CD668}.Release|x64.Build.0 = Release|x64
		{FC381E54-5A5F-4EE5-A95C-0AB0C30CD668}.Release|x86.ActiveCfg = Release|Win32
		{FC381E54-5A5F-4EE5-A95C-0AB0C30CD668}.Release|x86.Build.0 = Release|Win32
	EndGlobalSection
	GlobalSection(SolutionProperties) = preSolution
		HideSolutionNode = FALSE
	EndGlobalSection
	GlobalSection(ExtensibilityGlobals) = postSolution
		SolutionGuid = {6AF41868-3FFE-4A45-9D06-B44BCDCD2F14}
	EndGlobalSection
EndGlobal
